// !$*UTF8*$!
{
	archiveVersion = 1;
	classes = {
	};
	objectVersion = 46;
	objects = {

/* Begin PBXBuildFile section */
		138400E61BEA5DE600E4961C /* AppDelegate.swift in Sources */ = {isa = PBXBuildFile; fileRef = 138400E51BEA5DE600E4961C /* AppDelegate.swift */; };
		138400E81BEA5DE600E4961C /* ViewController.swift in Sources */ = {isa = PBXBuildFile; fileRef = 138400E71BEA5DE600E4961C /* ViewController.swift */; };
		138400EB1BEA5DE600E4961C /* Main.storyboard in Resources */ = {isa = PBXBuildFile; fileRef = 138400E91BEA5DE600E4961C /* Main.storyboard */; };
		138400ED1BEA5DE600E4961C /* Images.xcassets in Resources */ = {isa = PBXBuildFile; fileRef = 138400EC1BEA5DE600E4961C /* Images.xcassets */; };
		138400F01BEA5DE600E4961C /* LaunchScreen.xib in Resources */ = {isa = PBXBuildFile; fileRef = 138400EE1BEA5DE600E4961C /* LaunchScreen.xib */; };
		138400FC1BEA5DE700E4961C /* Pitch_PerfectTests.swift in Sources */ = {isa = PBXBuildFile; fileRef = 138400FB1BEA5DE700E4961C /* Pitch_PerfectTests.swift */; };
		13B4B9121C28302500F2CA2B /* PlaySoundsViewController.swift in Sources */ = {isa = PBXBuildFile; fileRef = 13B4B9111C28302500F2CA2B /* PlaySoundsViewController.swift */; };
		13B4B9141C28351300F2CA2B /* AVFoundation.framework in Frameworks */ = {isa = PBXBuildFile; fileRef = 13B4B9131C28351300F2CA2B /* AVFoundation.framework */; };
		13B4B9161C28371500F2CA2B /* movie_quote.mp3 in Resources */ = {isa = PBXBuildFile; fileRef = 13B4B9151C28371500F2CA2B /* movie_quote.mp3 */; };
/* End PBXBuildFile section */

/* Begin PBXContainerItemProxy section */
		138400F61BEA5DE600E4961C /* PBXContainerItemProxy */ = {
			isa = PBXContainerItemProxy;
			containerPortal = 138400D81BEA5DE600E4961C /* Project object */;
			proxyType = 1;
			remoteGlobalIDString = 138400DF1BEA5DE600E4961C;
			remoteInfo = "Pitch-Perfect";
		};
/* End PBXContainerItemProxy section */

/* Begin PBXFileReference section */
		138400E01BEA5DE600E4961C /* Pitch-Perfect.app */ = {isa = PBXFileReference; explicitFileType = wrapper.application; includeInIndex = 0; path = "Pitch-Perfect.app"; sourceTree = BUILT_PRODUCTS_DIR; };
		138400E41BEA5DE600E4961C /* Info.plist */ = {isa = PBXFileReference; lastKnownFileType = text.plist.xml; path = Info.plist; sourceTree = "<group>"; };
		138400E51BEA5DE600E4961C /* AppDelegate.swift */ = {isa = PBXFileReference; lastKnownFileType = sourcecode.swift; path = AppDelegate.swift; sourceTree = "<group>"; };
		138400E71BEA5DE600E4961C /* ViewController.swift */ = {isa = PBXFileReference; lastKnownFileType = sourcecode.swift; path = ViewController.swift; sourceTree = "<group>"; };
		138400EA1BEA5DE600E4961C /* Base */ = {isa = PBXFileReference; lastKnownFileType = file.storyboard; name = Base; path = Base.lproj/Main.storyboard; sourceTree = "<group>"; };
		138400EC1BEA5DE600E4961C /* Images.xcassets */ = {isa = PBXFileReference; lastKnownFileType = folder.assetcatalog; path = Images.xcassets; sourceTree = "<group>"; };
		138400EF1BEA5DE600E4961C /* Base */ = {isa = PBXFileReference; lastKnownFileType = file.xib; name = Base; path = Base.lproj/LaunchScreen.xib; sourceTree = "<group>"; };
		138400F51BEA5DE600E4961C /* Pitch-PerfectTests.xctest */ = {isa = PBXFileReference; explicitFileType = wrapper.cfbundle; includeInIndex = 0; path = "Pitch-PerfectTests.xctest"; sourceTree = BUILT_PRODUCTS_DIR; };
		138400FA1BEA5DE700E4961C /* Info.plist */ = {isa = PBXFileReference; lastKnownFileType = text.plist.xml; path = Info.plist; sourceTree = "<group>"; };
		138400FB1BEA5DE700E4961C /* Pitch_PerfectTests.swift */ = {isa = PBXFileReference; lastKnownFileType = sourcecode.swift; path = Pitch_PerfectTests.swift; sourceTree = "<group>"; };
		13B4B9111C28302500F2CA2B /* PlaySoundsViewController.swift */ = {isa = PBXFileReference; fileEncoding = 4; lastKnownFileType = sourcecode.swift; path = PlaySoundsViewController.swift; sourceTree = "<group>"; };
		13B4B9131C28351300F2CA2B /* AVFoundation.framework */ = {isa = PBXFileReference; lastKnownFileType = wrapper.framework; name = AVFoundation.framework; path = System/Library/Frameworks/AVFoundation.framework; sourceTree = SDKROOT; };
		13B4B9151C28371500F2CA2B /* movie_quote.mp3 */ = {isa = PBXFileReference; lastKnownFileType = audio.mp3; path = movie_quote.mp3; sourceTree = "<group>"; };
/* End PBXFileReference section */

/* Begin PBXFrameworksBuildPhase section */
		138400DD1BEA5DE600E4961C /* Frameworks */ = {
			isa = PBXFrameworksBuildPhase;
			buildActionMask = 2147483647;
			files = (
				13B4B9141C28351300F2CA2B /* AVFoundation.framework in Frameworks */,
			);
			runOnlyForDeploymentPostprocessing = 0;
		};
		138400F21BEA5DE600E4961C /* Frameworks */ = {
			isa = PBXFrameworksBuildPhase;
			buildActionMask = 2147483647;
			files = (
			);
			runOnlyForDeploymentPostprocessing = 0;
		};
/* End PBXFrameworksBuildPhase section */

/* Begin PBXGroup section */
		138400D71BEA5DE600E4961C = {
			isa = PBXGroup;
			children = (
				13B4B9131C28351300F2CA2B /* AVFoundation.framework */,
				138400E21BEA5DE600E4961C /* Pitch-Perfect */,
				138400F81BEA5DE600E4961C /* Pitch-PerfectTests */,
				138400E11BEA5DE600E4961C /* Products */,
			);
			sourceTree = "<group>";
		};
		138400E11BEA5DE600E4961C /* Products */ = {
			isa = PBXGroup;
			children = (
				138400E01BEA5DE600E4961C /* Pitch-Perfect.app */,
				138400F51BEA5DE600E4961C /* Pitch-PerfectTests.xctest */,
			);
			name = Products;
			sourceTree = "<group>";
		};
		138400E21BEA5DE600E4961C /* Pitch-Perfect */ = {
			isa = PBXGroup;
			children = (
				138400E51BEA5DE600E4961C /* AppDelegate.swift */,
				138400E71BEA5DE600E4961C /* ViewController.swift */,
				138400E91BEA5DE600E4961C /* Main.storyboard */,
				13B4B9111C28302500F2CA2B /* PlaySoundsViewController.swift */,
				138400EC1BEA5DE600E4961C /* Images.xcassets */,
				138400EE1BEA5DE600E4961C /* LaunchScreen.xib */,
				138400E31BEA5DE600E4961C /* Supporting Files */,
			);
			path = "Pitch-Perfect";
			sourceTree = "<group>";
		};
		138400E31BEA5DE600E4961C /* Supporting Files */ = {
			isa = PBXGroup;
			children = (
				13B4B9151C28371500F2CA2B /* movie_quote.mp3 */,
				138400E41BEA5DE600E4961C /* Info.plist */,
			);
			name = "Supporting Files";
			sourceTree = "<group>";
		};
		138400F81BEA5DE600E4961C /* Pitch-PerfectTests */ = {
			isa = PBXGroup;
			children = (
				138400FB1BEA5DE700E4961C /* Pitch_PerfectTests.swift */,
				138400F91BEA5DE700E4961C /* Supporting Files */,
			);
			path = "Pitch-PerfectTests";
			sourceTree = "<group>";
		};
		138400F91BEA5DE700E4961C /* Supporting Files */ = {
			isa = PBXGroup;
			children = (
				138400FA1BEA5DE700E4961C /* Info.plist */,
			);
			name = "Supporting Files";
			sourceTree = "<group>";
		};
/* End PBXGroup section */

/* Begin PBXNativeTarget section */
		138400DF1BEA5DE600E4961C /* Pitch-Perfect */ = {
			isa = PBXNativeTarget;
			buildConfigurationList = 138400FF1BEA5DE700E4961C /* Build configuration list for PBXNativeTarget "Pitch-Perfect" */;
			buildPhases = (
				138400DC1BEA5DE600E4961C /* Sources */,
				138400DD1BEA5DE600E4961C /* Frameworks */,
				138400DE1BEA5DE600E4961C /* Resources */,
			);
			buildRules = (
			);
			dependencies = (
			);
			name = "Pitch-Perfect";
			productName = "Pitch-Perfect";
			productReference = 138400E01BEA5DE600E4961C /* Pitch-Perfect.app */;
			productType = "com.apple.product-type.application";
		};
		138400F41BEA5DE600E4961C /* Pitch-PerfectTests */ = {
			isa = PBXNativeTarget;
			buildConfigurationList = 138401021BEA5DE700E4961C /* Build configuration list for PBXNativeTarget "Pitch-PerfectTests" */;
			buildPhases = (
				138400F11BEA5DE600E4961C /* Sources */,
				138400F21BEA5DE600E4961C /* Frameworks */,
				138400F31BEA5DE600E4961C /* Resources */,
			);
			buildRules = (
			);
			dependencies = (
				138400F71BEA5DE600E4961C /* PBXTargetDependency */,
			);
			name = "Pitch-PerfectTests";
			productName = "Pitch-PerfectTests";
			productReference = 138400F51BEA5DE600E4961C /* Pitch-PerfectTests.xctest */;
			productType = "com.apple.product-type.bundle.unit-test";
		};
/* End PBXNativeTarget section */

/* Begin PBXProject section */
		138400D81BEA5DE600E4961C /* Project object */ = {
			isa = PBXProject;
			attributes = {
				LastUpgradeCheck = 0630;
				ORGANIZATIONNAME = Udacity;
				TargetAttributes = {
					138400DF1BEA5DE600E4961C = {
						CreatedOnToolsVersion = 6.3.1;
					};
					138400F41BEA5DE600E4961C = {
						CreatedOnToolsVersion = 6.3.1;
						TestTargetID = 138400DF1BEA5DE600E4961C;
					};
				};
			};
			buildConfigurationList = 138400DB1BEA5DE600E4961C /* Build configuration list for PBXProject "Pitch-Perfect" */;
			compatibilityVersion = "Xcode 3.2";
			developmentRegion = English;
			hasScannedForEncodings = 0;
			knownRegions = (
				en,
				Base,
			);
			mainGroup = 138400D71BEA5DE600E4961C;
			productRefGroup = 138400E11BEA5DE600E4961C /* Products */;
			projectDirPath = "";
			projectRoot = "";
			targets = (
				138400DF1BEA5DE600E4961C /* Pitch-Perfect */,
				138400F41BEA5DE600E4961C /* Pitch-PerfectTests */,
			);
		};
/* End PBXProject section */

/* Begin PBXResourcesBuildPhase section */
		138400DE1BEA5DE600E4961C /* Resources */ = {
			isa = PBXResourcesBuildPhase;
			buildActionMask = 2147483647;
			files = (
				138400EB1BEA5DE600E4961C /* Main.storyboard in Resources */,
				138400F01BEA5DE600E4961C /* LaunchScreen.xib in Resources */,
				13B4B9161C28371500F2CA2B /* movie_quote.mp3 in Resources */,
				138400ED1BEA5DE600E4961C /* Images.xcassets in Resources */,
			);
			runOnlyForDeploymentPostprocessing = 0;
		};
		138400F31BEA5DE600E4961C /* Resources */ = {
			isa = PBXResourcesBuildPhase;
			buildActionMask = 2147483647;
			files = (
			);
			runOnlyForDeploymentPostprocessing = 0;
		};
/* End PBXResourcesBuildPhase section */

/* Begin PBXSourcesBuildPhase section */
		138400DC1BEA5DE600E4961C /* Sources */ = {
			isa = PBXSourcesBuildPhase;
			buildActionMask = 2147483647;
			files = (
				138400E81BEA5DE600E4961C /* ViewController.swift in Sources */,
				13B4B9121C28302500F2CA2B /* PlaySoundsViewController.swift in Sources */,
				138400E61BEA5DE600E4961C /* AppDelegate.swift in Sources */,
			);
			runOnlyForDeploymentPostprocessing = 0;
		};
		138400F11BEA5DE600E4961C /* Sources */ = {
			isa = PBXSourcesBuildPhase;
			buildActionMask = 2147483647;
			files = (
				138400FC1BEA5DE700E4961C /* Pitch_PerfectTests.swift in Sources */,
			);
			runOnlyForDeploymentPostprocessing = 0;
		};
/* End PBXSourcesBuildPhase section */

/* Begin PBXTargetDependency section */
		138400F71BEA5DE600E4961C /* PBXTargetDependency */ = {
			isa = PBXTargetDependency;
			target = 138400DF1BEA5DE600E4961C /* Pitch-Perfect */;
			targetProxy = 138400F61BEA5DE600E4961C /* PBXContainerItemProxy */;
		};
/* End PBXTargetDependency section */

/* Begin PBXVariantGroup section */
		138400E91BEA5DE600E4961C /* Main.storyboard */ = {
			isa = PBXVariantGroup;
			children = (
				138400EA1BEA5DE600E4961C /* Base */,
			);
			name = Main.storyboard;
			sourceTree = "<group>";
		};
		138400EE1BEA5DE600E4961C /* LaunchScreen.xib */ = {
			isa = PBXVariantGroup;
			children = (
				138400EF1BEA5DE600E4961C /* Base */,
			);
			name = LaunchScreen.xib;
			sourceTree = "<group>";
		};
/* End PBXVariantGroup section */

/* Begin XCBuildConfiguration section */
		138400FD1BEA5DE700E4961C /* Debug */ = {
			isa = XCBuildConfiguration;
			buildSettings = {
				ALWAYS_SEARCH_USER_PATHS = NO;
				CLANG_CXX_LANGUAGE_STANDARD = "gnu++0x";
				CLANG_CXX_LIBRARY = "libc++";
				CLANG_ENABLE_MODULES = YES;
				CLANG_ENABLE_OBJC_ARC = YES;
				CLANG_WARN_BOOL_CONVERSION = YES;
				CLANG_WARN_CONSTANT_CONVERSION = YES;
				CLANG_WARN_DIRECT_OBJC_ISA_USAGE = YES_ERROR;
				CLANG_WARN_EMPTY_BODY = YES;
				CLANG_WARN_ENUM_CONVERSION = YES;
				CLANG_WARN_INT_CONVERSION = YES;
				CLANG_WARN_OBJC_ROOT_CLASS = YES_ERROR;
				CLANG_WARN_UNREACHABLE_CODE = YES;
				CLANG_WARN__DUPLICATE_METHOD_MATCH = YES;
				"CODE_SIGN_IDENTITY[sdk=iphoneos*]" = "iPhone Developer";
				COPY_PHASE_STRIP = NO;
				DEBUG_INFORMATION_FORMAT = "dwarf-with-dsym";
				ENABLE_STRICT_OBJC_MSGSEND = YES;
				GCC_C_LANGUAGE_STANDARD = gnu99;
				GCC_DYNAMIC_NO_PIC = NO;
				GCC_NO_COMMON_BLOCKS = YES;
				GCC_OPTIMIZATION_LEVEL = 0;
				GCC_PREPROCESSOR_DEFINITIONS = (
					"DEBUG=1",
					"$(inherited)",
				);
				GCC_SYMBOLS_PRIVATE_EXTERN = NO;
				GCC_WARN_64_TO_32_BIT_CONVERSION = YES;
				GCC_WARN_ABOUT_RETURN_TYPE = YES_ERROR;
				GCC_WARN_UNDECLARED_SELECTOR = YES;
				GCC_WARN_UNINITIALIZED_AUTOS = YES_AGGRESSIVE;
				GCC_WARN_UNUSED_FUNCTION = YES;
				GCC_WARN_UNUSED_VARIABLE = YES;
				IPHONEOS_DEPLOYMENT_TARGET = 8.3;
				MTL_ENABLE_DEBUG_INFO = YES;
				ONLY_ACTIVE_ARCH = YES;
				SDKROOT = iphoneos;
				SWIFT_OPTIMIZATION_LEVEL = "-Onone";
			};
			name = Debug;
		};
		138400FE1BEA5DE700E4961C /* Release */ = {
			isa = XCBuildConfiguration;
			buildSettings = {
				ALWAYS_SEARCH_USER_PATHS = NO;
				CLANG_CXX_LANGUAGE_STANDARD = "gnu++0x";
				CLANG_CXX_LIBRARY = "libc++";
				CLANG_ENABLE_MODULES = YES;
				CLANG_ENABLE_OBJC_ARC = YES;
				CLANG_WARN_BOOL_CONVERSION = YES;
				CLANG_WARN_CONSTANT_CONVERSION = YES;
				CLANG_WARN_DIRECT_OBJC_ISA_USAGE = YES_ERROR;
				CLANG_WARN_EMPTY_BODY = YES;
				CLANG_WARN_ENUM_CONVERSION = YES;
				CLANG_WARN_INT_CONVERSION = YES;
				CLANG_WARN_OBJC_ROOT_CLASS = YES_ERROR;
				CLANG_WARN_UNREACHABLE_CODE = YES;
				CLANG_WARN__DUPLICATE_METHOD_MATCH = YES;
				"CODE_SIGN_IDENTITY[sdk=iphoneos*]" = "iPhone Developer";
				COPY_PHASE_STRIP = NO;
				DEBUG_INFORMATION_FORMAT = "dwarf-with-dsym";
				ENABLE_NS_ASSERTIONS = NO;
				ENABLE_STRICT_OBJC_MSGSEND = YES;
				GCC_C_LANGUAGE_STANDARD = gnu99;
				GCC_NO_COMMON_BLOCKS = YES;
				GCC_WARN_64_TO_32_BIT_CONVERSION = YES;
				GCC_WARN_ABOUT_RETURN_TYPE = YES_ERROR;
				GCC_WARN_UNDECLARED_SELECTOR = YES;
				GCC_WARN_UNINITIALIZED_AUTOS = YES_AGGRESSIVE;
				GCC_WARN_UNUSED_FUNCTION = YES;
				GCC_WARN_UNUSED_VARIABLE = YES;
				IPHONEOS_DEPLOYMENT_TARGET = 8.3;
				MTL_ENABLE_DEBUG_INFO = NO;
				SDKROOT = iphoneos;
				VALIDATE_PRODUCT = YES;
			};
			name = Release;
		};
		138401001BEA5DE700E4961C /* Debug */ = {
			isa = XCBuildConfiguration;
			buildSettings = {
				ASSETCATALOG_COMPILER_APPICON_NAME = AppIcon;
				INFOPLIST_FILE = "Pitch-Perfect/Info.plist";
				IPHONEOS_DEPLOYMENT_TARGET = 8.3;
				LD_RUNPATH_SEARCH_PATHS = "$(inherited) @executable_path/Frameworks";
				PRODUCT_NAME = "$(TARGET_NAME)";
			};
			name = Debug;
		};
		138401011BEA5DE700E4961C /* Release */ = {
			isa = XCBuildConfiguration;
			buildSettings = {
				ASSETCATALOG_COMPILER_APPICON_NAME = AppIcon;
				INFOPLIST_FILE = "Pitch-Perfect/Info.plist";
				IPHONEOS_DEPLOYMENT_TARGET = 8.3;
				LD_RUNPATH_SEARCH_PATHS = "$(inherited) @executable_path/Frameworks";
				PRODUCT_NAME = "$(TARGET_NAME)";
			};
			name = Release;
		};
		138401031BEA5DE700E4961C /* Debug */ = {
			isa = XCBuildConfiguration;
			buildSettings = {
				BUNDLE_LOADER = "$(TEST_HOST)";
				FRAMEWORK_SEARCH_PATHS = (
					"$(SDKROOT)/Developer/Library/Frameworks",
					"$(inherited)",
				);
				GCC_PREPROCESSOR_DEFINITIONS = (
					"DEBUG=1",
					"$(inherited)",
				);
				INFOPLIST_FILE = "Pitch-PerfectTests/Info.plist";
				LD_RUNPATH_SEARCH_PATHS = "$(inherited) @executable_path/Frameworks @loader_path/Frameworks";
				PRODUCT_NAME = "$(TARGET_NAME)";
				TEST_HOST = "$(BUILT_PRODUCTS_DIR)/Pitch-Perfect.app/Pitch-Perfect";
			};
			name = Debug;
		};
		138401041BEA5DE700E4961C /* Release */ = {
			isa = XCBuildConfiguration;
			buildSettings = {
				BUNDLE_LOADER = "$(TEST_HOST)";
				FRAMEWORK_SEARCH_PATHS = (
					"$(SDKROOT)/Developer/Library/Frameworks",
					"$(inherited)",
				);
				INFOPLIST_FILE = "Pitch-PerfectTests/Info.plist";
				LD_RUNPATH_SEARCH_PATHS = "$(inherited) @executable_path/Frameworks @loader_path/Frameworks";
				PRODUCT_NAME = "$(TARGET_NAME)";
				TEST_HOST = "$(BUILT_PRODUCTS_DIR)/Pitch-Perfect.app/Pitch-Perfect";
			};
			name = Release;
		};
/* End XCBuildConfiguration section */

/* Begin XCConfigurationList section */
		138400DB1BEA5DE600E4961C /* Build configuration list for PBXProject "Pitch-Perfect" */ = {
			isa = XCConfigurationList;
			buildConfigurations = (
				138400FD1BEA5DE700E4961C /* Debug */,
				138400FE1BEA5DE700E4961C /* Release */,
			);
			defaultConfigurationIsVisible = 0;
			defaultConfigurationName = Release;
		};
		138400FF1BEA5DE700E4961C /* Build configuration list for PBXNativeTarget "Pitch-Perfect" */ = {
			isa = XCConfigurationList;
			buildConfigurations = (
				138401001BEA5DE700E4961C /* Debug */,
				138401011BEA5DE700E4961C /* Release */,
			);
			defaultConfigurationIsVisible = 0;
			defaultConfigurationName = Release;
		};
		138401021BEA5DE700E4961C /* Build configuration list for PBXNativeTarget "Pitch-PerfectTests" */ = {
			isa = XCConfigurationList;
			buildConfigurations = (
				138401031BEA5DE700E4961C /* Debug */,
				138401041BEA5DE700E4961C /* Release */,
			);
			defaultConfigurationIsVisible = 0;
			defaultConfigurationName = Release;
		};
/* End XCConfigurationList section */
	};
	rootObject = 138400D81BEA5DE600E4961C /* Project object */;
}
